
Microsoft Visual Studio Solution File, Format Version 12.00
# Visual Studio Version 17
VisualStudioVersion = 17.7.34024.191
MinimumVisualStudioVersion = 10.0.40219.1
Project("{888888A0-9F3D-457C-B088-3A5042F75D52}") = "task-6.1", "task-6.1\task-6.1.pyproj", "{DBF1DD7A-2C8F-4463-8E34-27BD8F7F4C6F}"
EndProject
Global
	GlobalSection(SolutionConfigurationPlatforms) = preSolution
		Debug|Any CPU = Debug|Any CPU
		Release|Any CPU = Release|Any CPU
	EndGlobalSection
	GlobalSection(ProjectConfigurationPlatforms) = postSolution
		{DBF1DD7A-2C8F-4463-8E34-27BD8F7F4C6F}.Debug|Any CPU.ActiveCfg = Debug|Any CPU
		{DBF1DD7A-2C8F-4463-8E34-27BD8F7F4C6F}.Release|Any CPU.ActiveCfg = Release|Any CPU
	EndGlobalSection
	GlobalSection(SolutionProperties) = preSolution
		HideSolutionNode = FALSE
	EndGlobalSection
	GlobalSection(ExtensibilityGlobals) = postSolution
		SolutionGuid = {9BB26D67-DE00-49F0-8FE0-D9C1B35526D6}
	EndGlobalSection
EndGlobal
